
Microsoft Visual Studio Solution File, Format Version 12.00
# Visual Studio 2013
VisualStudioVersion = 12.0.31101.0
MinimumVisualStudioVersion = 10.0.40219.1
Project("{FAE04EC0-301F-11D3-BF4B-00C04F79EFBC}") = "web", "web\web.csproj", "{AEB0104B-2DA3-4AFE-AAA4-AEE174211AEC}"
EndProject
Global
	GlobalSection(SolutionConfigurationPlatforms) = preSolution
		Debug|Any CPU = Debug|Any CPU
		Release|Any CPU = Release|Any CPU
	EndGlobalSection
	GlobalSection(ProjectConfigurationPlatforms) = postSolution
		{AEB0104B-2DA3-4AFE-AAA4-AEE174211AEC}.Debug|Any CPU.ActiveCfg = Debug|Any CPU
		{AEB0104B-2DA3-4AFE-AAA4-AEE174211AEC}.Debug|Any CPU.Build.0 = Debug|Any CPU
		{AEB0104B-2DA3-4AFE-AAA4-AEE174211AEC}.Release|Any CPU.ActiveCfg = Release|Any CPU
		{AEB0104B-2DA3-4AFE-AAA4-AEE174211AEC}.Release|Any CPU.Build.0 = Release|Any CPU
	EndGlobalSection
	GlobalSection(SolutionProperties) = preSolution
		HideSolutionNode = FALSE
	EndGlobalSection
EndGlobal
